%{"goldrush": {:hex, :goldrush, "0.1.9", "f06e5d5f1277da5c413e84d5a2924174182fb108dabb39d5ec548b27424cd106", [], [], "hexpm"},
  "lager": {:hex, :lager, "3.6.1", "9d29c5ff7f926d25ecd9899990867c9152dcf34eee65bac8ec0dfc0d16a26e0c", [], [{:goldrush, "0.1.9", [hex: :goldrush, repo: "hexpm", optional: false]}], "hexpm"}}
