{"1.2.0",
[{<<"getopt">>,{pkg,<<"getopt">>,<<"1.0.1">>},0},
 {<<"goldrush">>,{pkg,<<"goldrush">>,<<"0.1.9">>},1},
 {<<"lager">>,{pkg,<<"lager">>,<<"3.8.1">>},0}]}.
[
{pkg_hash,[
 {<<"getopt">>, <<"C73A9FA687B217F2FF79F68A3B637711BB1936E712B521D8CE466B29CBF7808A">>},
 {<<"goldrush">>, <<"F06E5D5F1277DA5C413E84D5A2924174182FB108DABB39D5EC548B27424CD106">>},
 {<<"lager">>, <<"652EDFFBBEFFDE78F12220E1C64F6F6BFB173A8738CE73AF6ED3B1723A71C5BD">>}]},
{pkg_hash_ext,[
 {<<"getopt">>, <<"53E1AB83B9CEB65C9672D3E7A35B8092E9BDC9B3EE80721471A161C10C59959C">>},
 {<<"goldrush">>, <<"99CB4128CFFCB3227581E5D4D803D5413FA643F4EB96523F77D9E6937D994CEB">>},
 {<<"lager">>, <<"F8945D2CBAAB3560C2373F0808EB6262E7CFF1BD2EC550FD7DB38716180B7465">>}]}
].
